
Microsoft Visual Studio Solution File, Format Version 12.00
# Visual Studio 15
VisualStudioVersion = 15.0.28307.102
MinimumVisualStudioVersion = 10.0.40219.1
Project("{9A19103F-16F7-4668-BE54-9A1E7A4F7556}") = "Problem 4 – RainAir", "Problem 4 – RainAir\Problem 4 – RainAir.csproj", "{86677281-A1F4-47D9-9690-BAE1139F6A2A}"
EndProject
Project("{9A19103F-16F7-4668-BE54-9A1E7A4F7556}") = "Problem 3 - PostOffice", "Problem 3 - PostOffice\Problem 3 - PostOffice.csproj", "{15D79DA9-CB40-4CB8-85E9-AA88DD00DDBC}"
EndProject
Project("{9A19103F-16F7-4668-BE54-9A1E7A4F7556}") = "Problem04.MeTubeStatistics", "Problem04.MeTubeStatistics\Problem04.MeTubeStatistics.csproj", "{148DD02F-8503-4B03-8251-7F38AEAECE31}"
EndProject
Project("{9A19103F-16F7-4668-BE54-9A1E7A4F7556}") = "P04.IronGirder", "P04.IronGirder\P04.IronGirder.csproj", "{27F33A8B-FE97-4B29-BE06-52E62484BD4F}"
EndProject
Project("{9A19103F-16F7-4668-BE54-9A1E7A4F7556}") = "P04.SnowWhite", "P04.SnowWhite\P04.SnowWhite.csproj", "{C9B793FE-3379-4842-A56C-F9E29783E7EF}"
EndProject
Project("{FAE04EC0-301F-11D3-BF4B-00C04F79EFBC}") = "Problem03.TseamAccount", "Problem03.TseamAccount\Problem03.TseamAccount.csproj", "{A518D7BC-306B-49C9-8CEE-E19C686FAB09}"
EndProject
Global
	GlobalSection(SolutionConfigurationPlatforms) = preSolution
		Debug|Any CPU = Debug|Any CPU
		Release|Any CPU = Release|Any CPU
	EndGlobalSection
	GlobalSection(ProjectConfigurationPlatforms) = postSolution
		{86677281-A1F4-47D9-9690-BAE1139F6A2A}.Debug|Any CPU.ActiveCfg = Debug|Any CPU
		{86677281-A1F4-47D9-9690-BAE1139F6A2A}.Debug|Any CPU.Build.0 = Debug|Any CPU
		{86677281-A1F4-47D9-9690-BAE1139F6A2A}.Release|Any CPU.ActiveCfg = Release|Any CPU
		{86677281-A1F4-47D9-9690-BAE1139F6A2A}.Release|Any CPU.Build.0 = Release|Any CPU
		{15D79DA9-CB40-4CB8-85E9-AA88DD00DDBC}.Debug|Any CPU.ActiveCfg = Debug|Any CPU
		{15D79DA9-CB40-4CB8-85E9-AA88DD00DDBC}.Debug|Any CPU.Build.0 = Debug|Any CPU
		{15D79DA9-CB40-4CB8-85E9-AA88DD00DDBC}.Release|Any CPU.ActiveCfg = Release|Any CPU
		{15D79DA9-CB40-4CB8-85E9-AA88DD00DDBC}.Release|Any CPU.Build.0 = Release|Any CPU
		{148DD02F-8503-4B03-8251-7F38AEAECE31}.Debug|Any CPU.ActiveCfg = Debug|Any CPU
		{148DD02F-8503-4B03-8251-7F38AEAECE31}.Debug|Any CPU.Build.0 = Debug|Any CPU
		{148DD02F-8503-4B03-8251-7F38AEAECE31}.Release|Any CPU.ActiveCfg = Release|Any CPU
		{148DD02F-8503-4B03-8251-7F38AEAECE31}.Release|Any CPU.Build.0 = Release|Any CPU
		{27F33A8B-FE97-4B29-BE06-52E62484BD4F}.Debug|Any CPU.ActiveCfg = Debug|Any CPU
		{27F33A8B-FE97-4B29-BE06-52E62484BD4F}.Debug|Any CPU.Build.0 = Debug|Any CPU
		{27F33A8B-FE97-4B29-BE06-52E62484BD4F}.Release|Any CPU.ActiveCfg = Release|Any CPU
		{27F33A8B-FE97-4B29-BE06-52E62484BD4F}.Release|Any CPU.Build.0 = Release|Any CPU
		{C9B793FE-3379-4842-A56C-F9E29783E7EF}.Debug|Any CPU.ActiveCfg = Debug|Any CPU
		{C9B793FE-3379-4842-A56C-F9E29783E7EF}.Debug|Any CPU.Build.0 = Debug|Any CPU
		{C9B793FE-3379-4842-A56C-F9E29783E7EF}.Release|Any CPU.ActiveCfg = Release|Any CPU
		{C9B793FE-3379-4842-A56C-F9E29783E7EF}.Release|Any CPU.Build.0 = Release|Any CPU
		{A518D7BC-306B-49C9-8CEE-E19C686FAB09}.Debug|Any CPU.ActiveCfg = Debug|Any CPU
		{A518D7BC-306B-49C9-8CEE-E19C686FAB09}.Debug|Any CPU.Build.0 = Debug|Any CPU
		{A518D7BC-306B-49C9-8CEE-E19C686FAB09}.Release|Any CPU.ActiveCfg = Release|Any CPU
		{A518D7BC-306B-49C9-8CEE-E19C686FAB09}.Release|Any CPU.Build.0 = Release|Any CPU
	EndGlobalSection
	GlobalSection(SolutionProperties) = preSolution
		HideSolutionNode = FALSE
	EndGlobalSection
	GlobalSection(ExtensibilityGlobals) = postSolution
		SolutionGuid = {C1F5278E-0FA4-4207-A3CD-7FBC082BC7F4}
	EndGlobalSection
EndGlobal
