
Microsoft Visual Studio Solution File, Format Version 12.00
# Visual Studio 15
VisualStudioVersion = 15.0.28307.102
MinimumVisualStudioVersion = 10.0.40219.1
Project("{9A19103F-16F7-4668-BE54-9A1E7A4F7556}") = "Problem 4 – RainAir", "Problem 4 – RainAir\Problem 4 – RainAir.csproj", "{86677281-A1F4-47D9-9690-BAE1139F6A2A}"
EndProject
Project("{9A19103F-16F7-4668-BE54-9A1E7A4F7556}") = "Problem 3 - PostOffice", "Problem 3 - PostOffice\Problem 3 - PostOffice.csproj", "{15D79DA9-CB40-4CB8-85E9-AA88DD00DDBC}"
EndProject
Project("{9A19103F-16F7-4668-BE54-9A1E7A4F7556}") = "Problem04.MeTubeStatistics", "Problem04.MeTubeStatistics\Problem04.MeTubeStatistics.csproj", "{148DD02F-8503-4B03-8251-7F38AEAECE31}"
EndProject
Project("{9A19103F-16F7-4668-BE54-9A1E7A4F7556}") = "P04.IronGirder", "P04.IronGirder\P04.IronGirder.csproj", "{27F33A8B-FE97-4B29-BE06-52E62484BD4F}"
EndProject
Project("{9A19103F-16F7-4668-BE54-9A1E7A4F7556}") = "P04.SnowWhite", "P04.SnowWhite\P04.SnowWhite.csproj", "{C9B793FE-3379-4842-A56C-F9E29783E7EF}"
EndProject
Project("{9A19103F-16F7-4668-BE54-9A1E7A4F7556}") = "Problem03.TseamAccount", "Problem03.TseamAccount\Problem03.TseamAccount.csproj", "{A518D7BC-306B-49C9-8CEE-E19C686FAB09}"
EndProject
Project("{9A19103F-16F7-4668-BE54-9A1E7A4F7556}") = "P01.CountRealNumbers", "P01.CountRealNumbers\P01.CountRealNumbers.csproj", "{F6DF246F-91C9-4D99-AB77-1F71FA7058DB}"
EndProject
Project("{9A19103F-16F7-4668-BE54-9A1E7A4F7556}") = "P02.OddOccurrences", "P02.OddOccurrences\P02.OddOccurrences.csproj", "{17C58B0A-23E8-48A2-B130-219B9AED2AF2}"
EndProject
Project("{9A19103F-16F7-4668-BE54-9A1E7A4F7556}") = "P03.WordSynonyms", "P03.WordSynonyms\P03.WordSynonyms.csproj", "{74CC9926-75F1-40B7-9AA3-03B6938EB35D}"
EndProject
Project("{9A19103F-16F7-4668-BE54-9A1E7A4F7556}") = "P04.Largest3Numbers", "P04.Largest3Numbers\P04.Largest3Numbers.csproj", "{1B757675-4BBA-4449-BDA6-B2B9E49C1FC6}"
EndProject
Project("{9A19103F-16F7-4668-BE54-9A1E7A4F7556}") = "P05.WordFilter", "P05.WordFilter\P05.WordFilter.csproj", "{9649BE72-726F-42C5-9F2A-6329FCF5FB55}"
EndProject
Project("{9A19103F-16F7-4668-BE54-9A1E7A4F7556}") = "P01.CountCharsInAString", "P01.CountCharsInAString\P01.CountCharsInAString.csproj", "{D8EED88D-E38D-4552-A0D3-6C49DE82A8CB}"
EndProject
Project("{9A19103F-16F7-4668-BE54-9A1E7A4F7556}") = "P02.AMinerTask", "P02.AMinerTask\P02.AMinerTask.csproj", "{51FA282D-C047-4405-BA53-18851F43BAA6}"
EndProject
Project("{9A19103F-16F7-4668-BE54-9A1E7A4F7556}") = "P03.LegendaryFarming", "P03.LegendaryFarming\P03.LegendaryFarming.csproj", "{E3346166-9C6C-4BE1-9009-15F912D3DFF5}"
EndProject
Project("{9A19103F-16F7-4668-BE54-9A1E7A4F7556}") = "P04.Orders", "P04.Orders\P04.Orders.csproj", "{16F1C384-6EFD-44C4-8C53-CC316D336EF9}"
EndProject
Project("{9A19103F-16F7-4668-BE54-9A1E7A4F7556}") = "P05.SoftUniParking", "P05.SoftUniParking\P05.SoftUniParking.csproj", "{5B7F785D-CDDE-4254-9A88-07458BE415AF}"
EndProject
Project("{9A19103F-16F7-4668-BE54-9A1E7A4F7556}") = "P06.Courses", "P06.Courses\P06.Courses.csproj", "{0E6EB168-8840-437B-B3DE-D9353AA7B560}"
EndProject
Project("{9A19103F-16F7-4668-BE54-9A1E7A4F7556}") = "P07.StudentAcademy", "P07.StudentAcademy\P07.StudentAcademy.csproj", "{5939D63C-2DDA-410C-B05E-C5DA52F620D0}"
EndProject
Project("{9A19103F-16F7-4668-BE54-9A1E7A4F7556}") = "P08.CompanyUsers", "P08.CompanyUsers\P08.CompanyUsers.csproj", "{C1C1B7C4-912B-4A6C-815C-97A777E30DE6}"
EndProject
Project("{9A19103F-16F7-4668-BE54-9A1E7A4F7556}") = "P09.ForceBook", "P09.ForceBook\P09.ForceBook.csproj", "{C0969268-8184-4A8F-B622-EC0459A21F89}"
EndProject
Project("{9A19103F-16F7-4668-BE54-9A1E7A4F7556}") = "P10.SoftUniExamResults", "P10.SoftUniExamResults\P10.SoftUniExamResults.csproj", "{F74AF834-8004-42C9-8DC6-98285602DC46}"
EndProject
Project("{9A19103F-16F7-4668-BE54-9A1E7A4F7556}") = "P01.Ranking", "P01.Ranking\P01.Ranking.csproj", "{2036AF60-3D74-4EC5-8E8A-B38D9E54F5D7}"
EndProject
Project("{9A19103F-16F7-4668-BE54-9A1E7A4F7556}") = "P04.SnowWhite2", "P04.SnowWhite2\P04.SnowWhite2.csproj", "{F0990416-CD48-4CF4-81AE-AB336326DC27}"
EndProject
Project("{9A19103F-16F7-4668-BE54-9A1E7A4F7556}") = "P02.Judge", "P02.Judge\P02.Judge.csproj", "{DCCE4F32-AB0E-4A91-8A98-E3A0DBAD42E8}"
EndProject
Project("{9A19103F-16F7-4668-BE54-9A1E7A4F7556}") = "P03.MOBAChallenger", "P03.MOBAChallenger\P03.MOBAChallenger.csproj", "{19D5938A-7D49-43F3-85C7-9512DFA28F3B}"
EndProject
Project("{9A19103F-16F7-4668-BE54-9A1E7A4F7556}") = "P05.DragonArmy", "P05.DragonArmy\P05.DragonArmy.csproj", "{95C4E800-B354-4BC1-8D15-B4D7722E765E}"
EndProject
Project("{9A19103F-16F7-4668-BE54-9A1E7A4F7556}") = "Problem03.StarEnigma", "Problem03.StarEnigma\Problem03.StarEnigma.csproj", "{235360C7-9168-49C0-975F-649E4664054B}"
EndProject
Project("{9A19103F-16F7-4668-BE54-9A1E7A4F7556}") = "Problem04.AnonymousCache", "Problem04.AnonymousCache\Problem04.AnonymousCache.csproj", "{A9D3CC25-A0C8-4871-A55E-42C77F3B9ACD}"
EndProject
Project("{9A19103F-16F7-4668-BE54-9A1E7A4F7556}") = "Problem03.AnonymousVox", "Problem03.AnonymousVox\Problem03.AnonymousVox.csproj", "{A101B43B-A358-4BF9-AD0F-7F4DEDE7E226}"
EndProject
Project("{FAE04EC0-301F-11D3-BF4B-00C04F79EFBC}") = "P01.ValidUsernames", "P01.ValidUsernames\P01.ValidUsernames.csproj", "{30B0E63C-F6CF-414A-BE20-F8A7C625FB26}"
EndProject
Project("{FAE04EC0-301F-11D3-BF4B-00C04F79EFBC}") = "P02.CharacterMultiplier", "P02.CharacterMultiplier\P02.CharacterMultiplier.csproj", "{6F027011-14B6-4844-939E-6CD3D3EBCAA6}"
EndProject
Project("{FAE04EC0-301F-11D3-BF4B-00C04F79EFBC}") = "P03.ExtractFile", "P03.ExtractFile\P03.ExtractFile.csproj", "{BB4C43BC-A8AB-45FD-9366-74244062FE0E}"
EndProject
Project("{FAE04EC0-301F-11D3-BF4B-00C04F79EFBC}") = "P04.CaesarCipher", "P04.CaesarCipher\P04.CaesarCipher.csproj", "{9F69DE47-03C8-4771-A330-CF94B1B764B9}"
EndProject
Project("{FAE04EC0-301F-11D3-BF4B-00C04F79EFBC}") = "P05.MultiplyBigNumber", "P05.MultiplyBigNumber\P05.MultiplyBigNumber.csproj", "{AF684FC0-A664-4374-B74F-C3EDD007B0BA}"
EndProject
Project("{FAE04EC0-301F-11D3-BF4B-00C04F79EFBC}") = "P06.ReplaceRepeatingChars", "P06.ReplaceRepeatingChars\P06.ReplaceRepeatingChars.csproj", "{71BA5805-8456-4572-8043-EB3EADDF2500}"
EndProject
Project("{FAE04EC0-301F-11D3-BF4B-00C04F79EFBC}") = "P07.StringExplosion", "P07.StringExplosion\P07.StringExplosion.csproj", "{5E3423F6-9BBD-4F9D-AE50-D6CDE87792C1}"
EndProject
Project("{FAE04EC0-301F-11D3-BF4B-00C04F79EFBC}") = "P08.LettersChangeNumbers", "P08.LettersChangeNumbers\P08.LettersChangeNumbers.csproj", "{2B53034F-C8D4-4362-9BD6-B6DA253AC3D5}"
EndProject
Global
	GlobalSection(SolutionConfigurationPlatforms) = preSolution
		Debug|Any CPU = Debug|Any CPU
		Release|Any CPU = Release|Any CPU
	EndGlobalSection
	GlobalSection(ProjectConfigurationPlatforms) = postSolution
		{86677281-A1F4-47D9-9690-BAE1139F6A2A}.Debug|Any CPU.ActiveCfg = Debug|Any CPU
		{86677281-A1F4-47D9-9690-BAE1139F6A2A}.Debug|Any CPU.Build.0 = Debug|Any CPU
		{86677281-A1F4-47D9-9690-BAE1139F6A2A}.Release|Any CPU.ActiveCfg = Release|Any CPU
		{86677281-A1F4-47D9-9690-BAE1139F6A2A}.Release|Any CPU.Build.0 = Release|Any CPU
		{15D79DA9-CB40-4CB8-85E9-AA88DD00DDBC}.Debug|Any CPU.ActiveCfg = Debug|Any CPU
		{15D79DA9-CB40-4CB8-85E9-AA88DD00DDBC}.Debug|Any CPU.Build.0 = Debug|Any CPU
		{15D79DA9-CB40-4CB8-85E9-AA88DD00DDBC}.Release|Any CPU.ActiveCfg = Release|Any CPU
		{15D79DA9-CB40-4CB8-85E9-AA88DD00DDBC}.Release|Any CPU.Build.0 = Release|Any CPU
		{148DD02F-8503-4B03-8251-7F38AEAECE31}.Debug|Any CPU.ActiveCfg = Debug|Any CPU
		{148DD02F-8503-4B03-8251-7F38AEAECE31}.Debug|Any CPU.Build.0 = Debug|Any CPU
		{148DD02F-8503-4B03-8251-7F38AEAECE31}.Release|Any CPU.ActiveCfg = Release|Any CPU
		{148DD02F-8503-4B03-8251-7F38AEAECE31}.Release|Any CPU.Build.0 = Release|Any CPU
		{27F33A8B-FE97-4B29-BE06-52E62484BD4F}.Debug|Any CPU.ActiveCfg = Debug|Any CPU
		{27F33A8B-FE97-4B29-BE06-52E62484BD4F}.Debug|Any CPU.Build.0 = Debug|Any CPU
		{27F33A8B-FE97-4B29-BE06-52E62484BD4F}.Release|Any CPU.ActiveCfg = Release|Any CPU
		{27F33A8B-FE97-4B29-BE06-52E62484BD4F}.Release|Any CPU.Build.0 = Release|Any CPU
		{C9B793FE-3379-4842-A56C-F9E29783E7EF}.Debug|Any CPU.ActiveCfg = Debug|Any CPU
		{C9B793FE-3379-4842-A56C-F9E29783E7EF}.Debug|Any CPU.Build.0 = Debug|Any CPU
		{C9B793FE-3379-4842-A56C-F9E29783E7EF}.Release|Any CPU.ActiveCfg = Release|Any CPU
		{C9B793FE-3379-4842-A56C-F9E29783E7EF}.Release|Any CPU.Build.0 = Release|Any CPU
		{A518D7BC-306B-49C9-8CEE-E19C686FAB09}.Debug|Any CPU.ActiveCfg = Debug|Any CPU
		{A518D7BC-306B-49C9-8CEE-E19C686FAB09}.Debug|Any CPU.Build.0 = Debug|Any CPU
		{A518D7BC-306B-49C9-8CEE-E19C686FAB09}.Release|Any CPU.ActiveCfg = Release|Any CPU
		{A518D7BC-306B-49C9-8CEE-E19C686FAB09}.Release|Any CPU.Build.0 = Release|Any CPU
		{F6DF246F-91C9-4D99-AB77-1F71FA7058DB}.Debug|Any CPU.ActiveCfg = Debug|Any CPU
		{F6DF246F-91C9-4D99-AB77-1F71FA7058DB}.Debug|Any CPU.Build.0 = Debug|Any CPU
		{F6DF246F-91C9-4D99-AB77-1F71FA7058DB}.Release|Any CPU.ActiveCfg = Release|Any CPU
		{F6DF246F-91C9-4D99-AB77-1F71FA7058DB}.Release|Any CPU.Build.0 = Release|Any CPU
		{17C58B0A-23E8-48A2-B130-219B9AED2AF2}.Debug|Any CPU.ActiveCfg = Debug|Any CPU
		{17C58B0A-23E8-48A2-B130-219B9AED2AF2}.Debug|Any CPU.Build.0 = Debug|Any CPU
		{17C58B0A-23E8-48A2-B130-219B9AED2AF2}.Release|Any CPU.ActiveCfg = Release|Any CPU
		{17C58B0A-23E8-48A2-B130-219B9AED2AF2}.Release|Any CPU.Build.0 = Release|Any CPU
		{74CC9926-75F1-40B7-9AA3-03B6938EB35D}.Debug|Any CPU.ActiveCfg = Debug|Any CPU
		{74CC9926-75F1-40B7-9AA3-03B6938EB35D}.Debug|Any CPU.Build.0 = Debug|Any CPU
		{74CC9926-75F1-40B7-9AA3-03B6938EB35D}.Release|Any CPU.ActiveCfg = Release|Any CPU
		{74CC9926-75F1-40B7-9AA3-03B6938EB35D}.Release|Any CPU.Build.0 = Release|Any CPU
		{1B757675-4BBA-4449-BDA6-B2B9E49C1FC6}.Debug|Any CPU.ActiveCfg = Debug|Any CPU
		{1B757675-4BBA-4449-BDA6-B2B9E49C1FC6}.Debug|Any CPU.Build.0 = Debug|Any CPU
		{1B757675-4BBA-4449-BDA6-B2B9E49C1FC6}.Release|Any CPU.ActiveCfg = Release|Any CPU
		{1B757675-4BBA-4449-BDA6-B2B9E49C1FC6}.Release|Any CPU.Build.0 = Release|Any CPU
		{9649BE72-726F-42C5-9F2A-6329FCF5FB55}.Debug|Any CPU.ActiveCfg = Debug|Any CPU
		{9649BE72-726F-42C5-9F2A-6329FCF5FB55}.Debug|Any CPU.Build.0 = Debug|Any CPU
		{9649BE72-726F-42C5-9F2A-6329FCF5FB55}.Release|Any CPU.ActiveCfg = Release|Any CPU
		{9649BE72-726F-42C5-9F2A-6329FCF5FB55}.Release|Any CPU.Build.0 = Release|Any CPU
		{D8EED88D-E38D-4552-A0D3-6C49DE82A8CB}.Debug|Any CPU.ActiveCfg = Debug|Any CPU
		{D8EED88D-E38D-4552-A0D3-6C49DE82A8CB}.Debug|Any CPU.Build.0 = Debug|Any CPU
		{D8EED88D-E38D-4552-A0D3-6C49DE82A8CB}.Release|Any CPU.ActiveCfg = Release|Any CPU
		{D8EED88D-E38D-4552-A0D3-6C49DE82A8CB}.Release|Any CPU.Build.0 = Release|Any CPU
		{51FA282D-C047-4405-BA53-18851F43BAA6}.Debug|Any CPU.ActiveCfg = Debug|Any CPU
		{51FA282D-C047-4405-BA53-18851F43BAA6}.Debug|Any CPU.Build.0 = Debug|Any CPU
		{51FA282D-C047-4405-BA53-18851F43BAA6}.Release|Any CPU.ActiveCfg = Release|Any CPU
		{51FA282D-C047-4405-BA53-18851F43BAA6}.Release|Any CPU.Build.0 = Release|Any CPU
		{E3346166-9C6C-4BE1-9009-15F912D3DFF5}.Debug|Any CPU.ActiveCfg = Debug|Any CPU
		{E3346166-9C6C-4BE1-9009-15F912D3DFF5}.Debug|Any CPU.Build.0 = Debug|Any CPU
		{E3346166-9C6C-4BE1-9009-15F912D3DFF5}.Release|Any CPU.ActiveCfg = Release|Any CPU
		{E3346166-9C6C-4BE1-9009-15F912D3DFF5}.Release|Any CPU.Build.0 = Release|Any CPU
		{16F1C384-6EFD-44C4-8C53-CC316D336EF9}.Debug|Any CPU.ActiveCfg = Debug|Any CPU
		{16F1C384-6EFD-44C4-8C53-CC316D336EF9}.Debug|Any CPU.Build.0 = Debug|Any CPU
		{16F1C384-6EFD-44C4-8C53-CC316D336EF9}.Release|Any CPU.ActiveCfg = Release|Any CPU
		{16F1C384-6EFD-44C4-8C53-CC316D336EF9}.Release|Any CPU.Build.0 = Release|Any CPU
		{5B7F785D-CDDE-4254-9A88-07458BE415AF}.Debug|Any CPU.ActiveCfg = Debug|Any CPU
		{5B7F785D-CDDE-4254-9A88-07458BE415AF}.Debug|Any CPU.Build.0 = Debug|Any CPU
		{5B7F785D-CDDE-4254-9A88-07458BE415AF}.Release|Any CPU.ActiveCfg = Release|Any CPU
		{5B7F785D-CDDE-4254-9A88-07458BE415AF}.Release|Any CPU.Build.0 = Release|Any CPU
		{0E6EB168-8840-437B-B3DE-D9353AA7B560}.Debug|Any CPU.ActiveCfg = Debug|Any CPU
		{0E6EB168-8840-437B-B3DE-D9353AA7B560}.Debug|Any CPU.Build.0 = Debug|Any CPU
		{0E6EB168-8840-437B-B3DE-D9353AA7B560}.Release|Any CPU.ActiveCfg = Release|Any CPU
		{0E6EB168-8840-437B-B3DE-D9353AA7B560}.Release|Any CPU.Build.0 = Release|Any CPU
		{5939D63C-2DDA-410C-B05E-C5DA52F620D0}.Debug|Any CPU.ActiveCfg = Debug|Any CPU
		{5939D63C-2DDA-410C-B05E-C5DA52F620D0}.Debug|Any CPU.Build.0 = Debug|Any CPU
		{5939D63C-2DDA-410C-B05E-C5DA52F620D0}.Release|Any CPU.ActiveCfg = Release|Any CPU
		{5939D63C-2DDA-410C-B05E-C5DA52F620D0}.Release|Any CPU.Build.0 = Release|Any CPU
		{C1C1B7C4-912B-4A6C-815C-97A777E30DE6}.Debug|Any CPU.ActiveCfg = Debug|Any CPU
		{C1C1B7C4-912B-4A6C-815C-97A777E30DE6}.Debug|Any CPU.Build.0 = Debug|Any CPU
		{C1C1B7C4-912B-4A6C-815C-97A777E30DE6}.Release|Any CPU.ActiveCfg = Release|Any CPU
		{C1C1B7C4-912B-4A6C-815C-97A777E30DE6}.Release|Any CPU.Build.0 = Release|Any CPU
		{C0969268-8184-4A8F-B622-EC0459A21F89}.Debug|Any CPU.ActiveCfg = Debug|Any CPU
		{C0969268-8184-4A8F-B622-EC0459A21F89}.Debug|Any CPU.Build.0 = Debug|Any CPU
		{C0969268-8184-4A8F-B622-EC0459A21F89}.Release|Any CPU.ActiveCfg = Release|Any CPU
		{C0969268-8184-4A8F-B622-EC0459A21F89}.Release|Any CPU.Build.0 = Release|Any CPU
		{F74AF834-8004-42C9-8DC6-98285602DC46}.Debug|Any CPU.ActiveCfg = Debug|Any CPU
		{F74AF834-8004-42C9-8DC6-98285602DC46}.Debug|Any CPU.Build.0 = Debug|Any CPU
		{F74AF834-8004-42C9-8DC6-98285602DC46}.Release|Any CPU.ActiveCfg = Release|Any CPU
		{F74AF834-8004-42C9-8DC6-98285602DC46}.Release|Any CPU.Build.0 = Release|Any CPU
		{2036AF60-3D74-4EC5-8E8A-B38D9E54F5D7}.Debug|Any CPU.ActiveCfg = Debug|Any CPU
		{2036AF60-3D74-4EC5-8E8A-B38D9E54F5D7}.Debug|Any CPU.Build.0 = Debug|Any CPU
		{2036AF60-3D74-4EC5-8E8A-B38D9E54F5D7}.Release|Any CPU.ActiveCfg = Release|Any CPU
		{2036AF60-3D74-4EC5-8E8A-B38D9E54F5D7}.Release|Any CPU.Build.0 = Release|Any CPU
		{F0990416-CD48-4CF4-81AE-AB336326DC27}.Debug|Any CPU.ActiveCfg = Debug|Any CPU
		{F0990416-CD48-4CF4-81AE-AB336326DC27}.Debug|Any CPU.Build.0 = Debug|Any CPU
		{F0990416-CD48-4CF4-81AE-AB336326DC27}.Release|Any CPU.ActiveCfg = Release|Any CPU
		{F0990416-CD48-4CF4-81AE-AB336326DC27}.Release|Any CPU.Build.0 = Release|Any CPU
		{DCCE4F32-AB0E-4A91-8A98-E3A0DBAD42E8}.Debug|Any CPU.ActiveCfg = Debug|Any CPU
		{DCCE4F32-AB0E-4A91-8A98-E3A0DBAD42E8}.Debug|Any CPU.Build.0 = Debug|Any CPU
		{DCCE4F32-AB0E-4A91-8A98-E3A0DBAD42E8}.Release|Any CPU.ActiveCfg = Release|Any CPU
		{DCCE4F32-AB0E-4A91-8A98-E3A0DBAD42E8}.Release|Any CPU.Build.0 = Release|Any CPU
		{19D5938A-7D49-43F3-85C7-9512DFA28F3B}.Debug|Any CPU.ActiveCfg = Debug|Any CPU
		{19D5938A-7D49-43F3-85C7-9512DFA28F3B}.Debug|Any CPU.Build.0 = Debug|Any CPU
		{19D5938A-7D49-43F3-85C7-9512DFA28F3B}.Release|Any CPU.ActiveCfg = Release|Any CPU
		{19D5938A-7D49-43F3-85C7-9512DFA28F3B}.Release|Any CPU.Build.0 = Release|Any CPU
		{95C4E800-B354-4BC1-8D15-B4D7722E765E}.Debug|Any CPU.ActiveCfg = Debug|Any CPU
		{95C4E800-B354-4BC1-8D15-B4D7722E765E}.Debug|Any CPU.Build.0 = Debug|Any CPU
		{95C4E800-B354-4BC1-8D15-B4D7722E765E}.Release|Any CPU.ActiveCfg = Release|Any CPU
		{95C4E800-B354-4BC1-8D15-B4D7722E765E}.Release|Any CPU.Build.0 = Release|Any CPU
		{235360C7-9168-49C0-975F-649E4664054B}.Debug|Any CPU.ActiveCfg = Debug|Any CPU
		{235360C7-9168-49C0-975F-649E4664054B}.Debug|Any CPU.Build.0 = Debug|Any CPU
		{235360C7-9168-49C0-975F-649E4664054B}.Release|Any CPU.ActiveCfg = Release|Any CPU
		{235360C7-9168-49C0-975F-649E4664054B}.Release|Any CPU.Build.0 = Release|Any CPU
		{A9D3CC25-A0C8-4871-A55E-42C77F3B9ACD}.Debug|Any CPU.ActiveCfg = Debug|Any CPU
		{A9D3CC25-A0C8-4871-A55E-42C77F3B9ACD}.Debug|Any CPU.Build.0 = Debug|Any CPU
		{A9D3CC25-A0C8-4871-A55E-42C77F3B9ACD}.Release|Any CPU.ActiveCfg = Release|Any CPU
		{A9D3CC25-A0C8-4871-A55E-42C77F3B9ACD}.Release|Any CPU.Build.0 = Release|Any CPU
		{A101B43B-A358-4BF9-AD0F-7F4DEDE7E226}.Debug|Any CPU.ActiveCfg = Debug|Any CPU
		{A101B43B-A358-4BF9-AD0F-7F4DEDE7E226}.Debug|Any CPU.Build.0 = Debug|Any CPU
		{A101B43B-A358-4BF9-AD0F-7F4DEDE7E226}.Release|Any CPU.ActiveCfg = Release|Any CPU
		{A101B43B-A358-4BF9-AD0F-7F4DEDE7E226}.Release|Any CPU.Build.0 = Release|Any CPU
		{30B0E63C-F6CF-414A-BE20-F8A7C625FB26}.Debug|Any CPU.ActiveCfg = Debug|Any CPU
		{30B0E63C-F6CF-414A-BE20-F8A7C625FB26}.Debug|Any CPU.Build.0 = Debug|Any CPU
		{30B0E63C-F6CF-414A-BE20-F8A7C625FB26}.Release|Any CPU.ActiveCfg = Release|Any CPU
		{30B0E63C-F6CF-414A-BE20-F8A7C625FB26}.Release|Any CPU.Build.0 = Release|Any CPU
		{6F027011-14B6-4844-939E-6CD3D3EBCAA6}.Debug|Any CPU.ActiveCfg = Debug|Any CPU
		{6F027011-14B6-4844-939E-6CD3D3EBCAA6}.Debug|Any CPU.Build.0 = Debug|Any CPU
		{6F027011-14B6-4844-939E-6CD3D3EBCAA6}.Release|Any CPU.ActiveCfg = Release|Any CPU
		{6F027011-14B6-4844-939E-6CD3D3EBCAA6}.Release|Any CPU.Build.0 = Release|Any CPU
		{BB4C43BC-A8AB-45FD-9366-74244062FE0E}.Debug|Any CPU.ActiveCfg = Debug|Any CPU
		{BB4C43BC-A8AB-45FD-9366-74244062FE0E}.Debug|Any CPU.Build.0 = Debug|Any CPU
		{BB4C43BC-A8AB-45FD-9366-74244062FE0E}.Release|Any CPU.ActiveCfg = Release|Any CPU
		{BB4C43BC-A8AB-45FD-9366-74244062FE0E}.Release|Any CPU.Build.0 = Release|Any CPU
		{9F69DE47-03C8-4771-A330-CF94B1B764B9}.Debug|Any CPU.ActiveCfg = Debug|Any CPU
		{9F69DE47-03C8-4771-A330-CF94B1B764B9}.Debug|Any CPU.Build.0 = Debug|Any CPU
		{9F69DE47-03C8-4771-A330-CF94B1B764B9}.Release|Any CPU.ActiveCfg = Release|Any CPU
		{9F69DE47-03C8-4771-A330-CF94B1B764B9}.Release|Any CPU.Build.0 = Release|Any CPU
		{AF684FC0-A664-4374-B74F-C3EDD007B0BA}.Debug|Any CPU.ActiveCfg = Debug|Any CPU
		{AF684FC0-A664-4374-B74F-C3EDD007B0BA}.Debug|Any CPU.Build.0 = Debug|Any CPU
		{AF684FC0-A664-4374-B74F-C3EDD007B0BA}.Release|Any CPU.ActiveCfg = Release|Any CPU
		{AF684FC0-A664-4374-B74F-C3EDD007B0BA}.Release|Any CPU.Build.0 = Release|Any CPU
		{71BA5805-8456-4572-8043-EB3EADDF2500}.Debug|Any CPU.ActiveCfg = Debug|Any CPU
		{71BA5805-8456-4572-8043-EB3EADDF2500}.Debug|Any CPU.Build.0 = Debug|Any CPU
		{71BA5805-8456-4572-8043-EB3EADDF2500}.Release|Any CPU.ActiveCfg = Release|Any CPU
		{71BA5805-8456-4572-8043-EB3EADDF2500}.Release|Any CPU.Build.0 = Release|Any CPU
		{5E3423F6-9BBD-4F9D-AE50-D6CDE87792C1}.Debug|Any CPU.ActiveCfg = Debug|Any CPU
		{5E3423F6-9BBD-4F9D-AE50-D6CDE87792C1}.Debug|Any CPU.Build.0 = Debug|Any CPU
		{5E3423F6-9BBD-4F9D-AE50-D6CDE87792C1}.Release|Any CPU.ActiveCfg = Release|Any CPU
		{5E3423F6-9BBD-4F9D-AE50-D6CDE87792C1}.Release|Any CPU.Build.0 = Release|Any CPU
		{2B53034F-C8D4-4362-9BD6-B6DA253AC3D5}.Debug|Any CPU.ActiveCfg = Debug|Any CPU
		{2B53034F-C8D4-4362-9BD6-B6DA253AC3D5}.Debug|Any CPU.Build.0 = Debug|Any CPU
		{2B53034F-C8D4-4362-9BD6-B6DA253AC3D5}.Release|Any CPU.ActiveCfg = Release|Any CPU
		{2B53034F-C8D4-4362-9BD6-B6DA253AC3D5}.Release|Any CPU.Build.0 = Release|Any CPU
	EndGlobalSection
	GlobalSection(SolutionProperties) = preSolution
		HideSolutionNode = FALSE
	EndGlobalSection
	GlobalSection(ExtensibilityGlobals) = postSolution
		SolutionGuid = {C1F5278E-0FA4-4207-A3CD-7FBC082BC7F4}
	EndGlobalSection
EndGlobal
